
Microsoft Visual Studio Solution File, Format Version 12.00
# Visual Studio 2015
Project("{FAE04EC0-301F-11D3-BF4B-00C04F79EFBC}") = "FPSUMH.CSharp", "FPSUMH.CSharp.csproj", "{0CB987FF-3A00-8E48-B1FB-881C3DF16825}"
EndProject
Global
	GlobalSection(SolutionConfigurationPlatforms) = preSolution
		Debug|Any CPU = Debug|Any CPU
		Release|Any CPU = Release|Any CPU
	EndGlobalSection
	GlobalSection(ProjectConfigurationPlatforms) = postSolution
		{0CB987FF-3A00-8E48-B1FB-881C3DF16825}.Debug|Any CPU.ActiveCfg = Debug|Any CPU
		{0CB987FF-3A00-8E48-B1FB-881C3DF16825}.Debug|Any CPU.Build.0 = Debug|Any CPU
		{0CB987FF-3A00-8E48-B1FB-881C3DF16825}.Release|Any CPU.ActiveCfg = Release|Any CPU
		{0CB987FF-3A00-8E48-B1FB-881C3DF16825}.Release|Any CPU.Build.0 = Release|Any CPU
	EndGlobalSection
	GlobalSection(SolutionProperties) = preSolution
		HideSolutionNode = FALSE
	EndGlobalSection
EndGlobal
